// !$*UTF8*$!
{
	archiveVersion = 1;
	classes = {
	};
	objectVersion = 51;
	objects = {

/* Begin PBXBuildFile section */
		B389CD346A1AC2356797C47D /* Pods_zombie.framework in Frameworks */ = {isa = PBXBuildFile; fileRef = 5930F9317DA408F9562CE419 /* Pods_zombie.framework */; };
		DE97B602249F555900AE1F12 /* AppDelegate.swift in Sources */ = {isa = PBXBuildFile; fileRef = DE97B601249F555900AE1F12 /* AppDelegate.swift */; };
		DE97B604249F555900AE1F12 /* SceneDelegate.swift in Sources */ = {isa = PBXBuildFile; fileRef = DE97B603249F555900AE1F12 /* SceneDelegate.swift */; };
		DE97B606249F555900AE1F12 /* ViewController.swift in Sources */ = {isa = PBXBuildFile; fileRef = DE97B605249F555900AE1F12 /* ViewController.swift */; };
		DE97B609249F555900AE1F12 /* Main.storyboard in Resources */ = {isa = PBXBuildFile; fileRef = DE97B607249F555900AE1F12 /* Main.storyboard */; };
		DE97B60C249F555900AE1F12 /* zombie.xcdatamodeld in Sources */ = {isa = PBXBuildFile; fileRef = DE97B60A249F555900AE1F12 /* zombie.xcdatamodeld */; };
		DE97B60E249F555C00AE1F12 /* Assets.xcassets in Resources */ = {isa = PBXBuildFile; fileRef = DE97B60D249F555C00AE1F12 /* Assets.xcassets */; };
		DE97B611249F555C00AE1F12 /* LaunchScreen.storyboard in Resources */ = {isa = PBXBuildFile; fileRef = DE97B60F249F555C00AE1F12 /* LaunchScreen.storyboard */; };
		DE97B61C249F555C00AE1F12 /* zombieTests.swift in Sources */ = {isa = PBXBuildFile; fileRef = DE97B61B249F555C00AE1F12 /* zombieTests.swift */; };
		DE97B627249F555C00AE1F12 /* zombieUITests.swift in Sources */ = {isa = PBXBuildFile; fileRef = DE97B626249F555C00AE1F12 /* zombieUITests.swift */; };
		DE97B641249F57F500AE1F12 /* CoreDataStack.swift in Sources */ = {isa = PBXBuildFile; fileRef = DE97B640249F57F500AE1F12 /* CoreDataStack.swift */; };
		DE97B646249F582000AE1F12 /* Hospitals+CoreDataClass.swift in Sources */ = {isa = PBXBuildFile; fileRef = DE97B642249F582000AE1F12 /* Hospitals+CoreDataClass.swift */; };
		DE97B647249F582000AE1F12 /* Hospitals+CoreDataProperties.swift in Sources */ = {isa = PBXBuildFile; fileRef = DE97B643249F582000AE1F12 /* Hospitals+CoreDataProperties.swift */; };
		DE97B648249F582000AE1F12 /* WaitingItem+CoreDataClass.swift in Sources */ = {isa = PBXBuildFile; fileRef = DE97B644249F582000AE1F12 /* WaitingItem+CoreDataClass.swift */; };
		DE97B649249F582000AE1F12 /* WaitingItem+CoreDataProperties.swift in Sources */ = {isa = PBXBuildFile; fileRef = DE97B645249F582000AE1F12 /* WaitingItem+CoreDataProperties.swift */; };
		DE97B64E249F622900AE1F12 /* MapsStruct.swift in Sources */ = {isa = PBXBuildFile; fileRef = DE97B64D249F622900AE1F12 /* MapsStruct.swift */; };
		DE97B650249F624800AE1F12 /* HospitalStruct.swift in Sources */ = {isa = PBXBuildFile; fileRef = DE97B64F249F624800AE1F12 /* HospitalStruct.swift */; };
		DE97B652249F626A00AE1F12 /* IllnessesStruct.swift in Sources */ = {isa = PBXBuildFile; fileRef = DE97B651249F626A00AE1F12 /* IllnessesStruct.swift */; };
		DE97B654249F628200AE1F12 /* transportMode.swift in Sources */ = {isa = PBXBuildFile; fileRef = DE97B653249F628200AE1F12 /* transportMode.swift */; };
		DE97B656249F62F100AE1F12 /* APIController.swift in Sources */ = {isa = PBXBuildFile; fileRef = DE97B655249F62F100AE1F12 /* APIController.swift */; };
		DE97B659249F63D400AE1F12 /* illnessListViewController.swift in Sources */ = {isa = PBXBuildFile; fileRef = DE97B658249F63D400AE1F12 /* illnessListViewController.swift */; };
		DE97B65C249F64B600AE1F12 /* themeColor.swift in Sources */ = {isa = PBXBuildFile; fileRef = DE97B65B249F64B600AE1F12 /* themeColor.swift */; };
		DE97B65E249F64FF00AE1F12 /* illnessCell.swift in Sources */ = {isa = PBXBuildFile; fileRef = DE97B65D249F64FF00AE1F12 /* illnessCell.swift */; };
		DE97B660249F652900AE1F12 /* Podfile in Resources */ = {isa = PBXBuildFile; fileRef = DE97B65F249F652900AE1F12 /* Podfile */; };
		DE97B662249F659F00AE1F12 /* strings.swift in Sources */ = {isa = PBXBuildFile; fileRef = DE97B661249F659F00AE1F12 /* strings.swift */; };
		DE97B665249F683B00AE1F12 /* hospialListViewController.swift in Sources */ = {isa = PBXBuildFile; fileRef = DE97B664249F683B00AE1F12 /* hospialListViewController.swift */; };
		DE97B667249F68D400AE1F12 /* NSFetchedRCHelper.swift in Sources */ = {isa = PBXBuildFile; fileRef = DE97B666249F68D400AE1F12 /* NSFetchedRCHelper.swift */; };
		DE97B669249F68FD00AE1F12 /* hospitalCell.swift in Sources */ = {isa = PBXBuildFile; fileRef = DE97B668249F68FD00AE1F12 /* hospitalCell.swift */; };
		DE97B66B249F691600AE1F12 /* locationAndETA.swift in Sources */ = {isa = PBXBuildFile; fileRef = DE97B66A249F691600AE1F12 /* locationAndETA.swift */; };
		DE97B66D249F692B00AE1F12 /* fetchHospitals.swift in Sources */ = {isa = PBXBuildFile; fileRef = DE97B66C249F692B00AE1F12 /* fetchHospitals.swift */; };
		DE97B66F249F693E00AE1F12 /* mapDelegate.swift in Sources */ = {isa = PBXBuildFile; fileRef = DE97B66E249F693E00AE1F12 /* mapDelegate.swift */; };
		DE97B671249F69D800AE1F12 /* extensions.swift in Sources */ = {isa = PBXBuildFile; fileRef = DE97B670249F69D800AE1F12 /* extensions.swift */; };
/* End PBXBuildFile section */

/* Begin PBXContainerItemProxy section */
		DE97B618249F555C00AE1F12 /* PBXContainerItemProxy */ = {
			isa = PBXContainerItemProxy;
			containerPortal = DE97B5F6249F555900AE1F12 /* Project object */;
			proxyType = 1;
			remoteGlobalIDString = DE97B5FD249F555900AE1F12;
			remoteInfo = zombie;
		};
		DE97B623249F555C00AE1F12 /* PBXContainerItemProxy */ = {
			isa = PBXContainerItemProxy;
			containerPortal = DE97B5F6249F555900AE1F12 /* Project object */;
			proxyType = 1;
			remoteGlobalIDString = DE97B5FD249F555900AE1F12;
			remoteInfo = zombie;
		};
/* End PBXContainerItemProxy section */

/* Begin PBXFileReference section */
		1C27782953AC9FA9ACAD12F1 /* Pods-zombie.debug.xcconfig */ = {isa = PBXFileReference; includeInIndex = 1; lastKnownFileType = text.xcconfig; name = "Pods-zombie.debug.xcconfig"; path = "Target Support Files/Pods-zombie/Pods-zombie.debug.xcconfig"; sourceTree = "<group>"; };
		5930F9317DA408F9562CE419 /* Pods_zombie.framework */ = {isa = PBXFileReference; explicitFileType = wrapper.framework; includeInIndex = 0; path = Pods_zombie.framework; sourceTree = BUILT_PRODUCTS_DIR; };
		69DA62E6968993519E224467 /* Pods-zombie.release.xcconfig */ = {isa = PBXFileReference; includeInIndex = 1; lastKnownFileType = text.xcconfig; name = "Pods-zombie.release.xcconfig"; path = "Target Support Files/Pods-zombie/Pods-zombie.release.xcconfig"; sourceTree = "<group>"; };
		DE97B5FE249F555900AE1F12 /* zombie.app */ = {isa = PBXFileReference; explicitFileType = wrapper.application; includeInIndex = 0; path = zombie.app; sourceTree = BUILT_PRODUCTS_DIR; };
		DE97B601249F555900AE1F12 /* AppDelegate.swift */ = {isa = PBXFileReference; lastKnownFileType = sourcecode.swift; path = AppDelegate.swift; sourceTree = "<group>"; };
		DE97B603249F555900AE1F12 /* SceneDelegate.swift */ = {isa = PBXFileReference; lastKnownFileType = sourcecode.swift; path = SceneDelegate.swift; sourceTree = "<group>"; };
		DE97B605249F555900AE1F12 /* ViewController.swift */ = {isa = PBXFileReference; lastKnownFileType = sourcecode.swift; path = ViewController.swift; sourceTree = "<group>"; };
		DE97B608249F555900AE1F12 /* Base */ = {isa = PBXFileReference; lastKnownFileType = file.storyboard; name = Base; path = Base.lproj/Main.storyboard; sourceTree = "<group>"; };
		DE97B60B249F555900AE1F12 /* zombie.xcdatamodel */ = {isa = PBXFileReference; lastKnownFileType = wrapper.xcdatamodel; path = zombie.xcdatamodel; sourceTree = "<group>"; };
		DE97B60D249F555C00AE1F12 /* Assets.xcassets */ = {isa = PBXFileReference; lastKnownFileType = folder.assetcatalog; path = Assets.xcassets; sourceTree = "<group>"; };
		DE97B610249F555C00AE1F12 /* Base */ = {isa = PBXFileReference; lastKnownFileType = file.storyboard; name = Base; path = Base.lproj/LaunchScreen.storyboard; sourceTree = "<group>"; };
		DE97B612249F555C00AE1F12 /* Info.plist */ = {isa = PBXFileReference; lastKnownFileType = text.plist.xml; path = Info.plist; sourceTree = "<group>"; };
		DE97B617249F555C00AE1F12 /* zombieTests.xctest */ = {isa = PBXFileReference; explicitFileType = wrapper.cfbundle; includeInIndex = 0; path = zombieTests.xctest; sourceTree = BUILT_PRODUCTS_DIR; };
		DE97B61B249F555C00AE1F12 /* zombieTests.swift */ = {isa = PBXFileReference; lastKnownFileType = sourcecode.swift; path = zombieTests.swift; sourceTree = "<group>"; };
		DE97B61D249F555C00AE1F12 /* Info.plist */ = {isa = PBXFileReference; lastKnownFileType = text.plist.xml; path = Info.plist; sourceTree = "<group>"; };
		DE97B622249F555C00AE1F12 /* zombieUITests.xctest */ = {isa = PBXFileReference; explicitFileType = wrapper.cfbundle; includeInIndex = 0; path = zombieUITests.xctest; sourceTree = BUILT_PRODUCTS_DIR; };
		DE97B626249F555C00AE1F12 /* zombieUITests.swift */ = {isa = PBXFileReference; lastKnownFileType = sourcecode.swift; path = zombieUITests.swift; sourceTree = "<group>"; };
		DE97B628249F555C00AE1F12 /* Info.plist */ = {isa = PBXFileReference; lastKnownFileType = text.plist.xml; path = Info.plist; sourceTree = "<group>"; };
		DE97B640249F57F500AE1F12 /* CoreDataStack.swift */ = {isa = PBXFileReference; lastKnownFileType = sourcecode.swift; path = CoreDataStack.swift; sourceTree = "<group>"; };
		DE97B642249F582000AE1F12 /* Hospitals+CoreDataClass.swift */ = {isa = PBXFileReference; lastKnownFileType = sourcecode.swift; path = "Hospitals+CoreDataClass.swift"; sourceTree = "<group>"; };
		DE97B643249F582000AE1F12 /* Hospitals+CoreDataProperties.swift */ = {isa = PBXFileReference; lastKnownFileType = sourcecode.swift; path = "Hospitals+CoreDataProperties.swift"; sourceTree = "<group>"; };
		DE97B644249F582000AE1F12 /* WaitingItem+CoreDataClass.swift */ = {isa = PBXFileReference; lastKnownFileType = sourcecode.swift; path = "WaitingItem+CoreDataClass.swift"; sourceTree = "<group>"; };
		DE97B645249F582000AE1F12 /* WaitingItem+CoreDataProperties.swift */ = {isa = PBXFileReference; lastKnownFileType = sourcecode.swift; path = "WaitingItem+CoreDataProperties.swift"; sourceTree = "<group>"; };
		DE97B64D249F622900AE1F12 /* MapsStruct.swift */ = {isa = PBXFileReference; lastKnownFileType = sourcecode.swift; path = MapsStruct.swift; sourceTree = "<group>"; };
		DE97B64F249F624800AE1F12 /* HospitalStruct.swift */ = {isa = PBXFileReference; lastKnownFileType = sourcecode.swift; path = HospitalStruct.swift; sourceTree = "<group>"; };
		DE97B651249F626A00AE1F12 /* IllnessesStruct.swift */ = {isa = PBXFileReference; lastKnownFileType = sourcecode.swift; path = IllnessesStruct.swift; sourceTree = "<group>"; };
		DE97B653249F628200AE1F12 /* transportMode.swift */ = {isa = PBXFileReference; lastKnownFileType = sourcecode.swift; path = transportMode.swift; sourceTree = "<group>"; };
		DE97B655249F62F100AE1F12 /* APIController.swift */ = {isa = PBXFileReference; lastKnownFileType = sourcecode.swift; path = APIController.swift; sourceTree = "<group>"; };
		DE97B658249F63D400AE1F12 /* illnessListViewController.swift */ = {isa = PBXFileReference; lastKnownFileType = sourcecode.swift; path = illnessListViewController.swift; sourceTree = "<group>"; };
		DE97B65B249F64B600AE1F12 /* themeColor.swift */ = {isa = PBXFileReference; lastKnownFileType = sourcecode.swift; path = themeColor.swift; sourceTree = "<group>"; };
		DE97B65D249F64FF00AE1F12 /* illnessCell.swift */ = {isa = PBXFileReference; lastKnownFileType = sourcecode.swift; path = illnessCell.swift; sourceTree = "<group>"; };
		DE97B65F249F652900AE1F12 /* Podfile */ = {isa = PBXFileReference; explicitFileType = text.script.ruby; fileEncoding = 4; path = Podfile; sourceTree = "<group>"; };
		DE97B661249F659F00AE1F12 /* strings.swift */ = {isa = PBXFileReference; lastKnownFileType = sourcecode.swift; path = strings.swift; sourceTree = "<group>"; };
		DE97B664249F683B00AE1F12 /* hospialListViewController.swift */ = {isa = PBXFileReference; lastKnownFileType = sourcecode.swift; path = hospialListViewController.swift; sourceTree = "<group>"; };
		DE97B666249F68D400AE1F12 /* NSFetchedRCHelper.swift */ = {isa = PBXFileReference; lastKnownFileType = sourcecode.swift; path = NSFetchedRCHelper.swift; sourceTree = "<group>"; };
		DE97B668249F68FD00AE1F12 /* hospitalCell.swift */ = {isa = PBXFileReference; lastKnownFileType = sourcecode.swift; path = hospitalCell.swift; sourceTree = "<group>"; };
		DE97B66A249F691600AE1F12 /* locationAndETA.swift */ = {isa = PBXFileReference; lastKnownFileType = sourcecode.swift; path = locationAndETA.swift; sourceTree = "<group>"; };
		DE97B66C249F692B00AE1F12 /* fetchHospitals.swift */ = {isa = PBXFileReference; lastKnownFileType = sourcecode.swift; path = fetchHospitals.swift; sourceTree = "<group>"; };
		DE97B66E249F693E00AE1F12 /* mapDelegate.swift */ = {isa = PBXFileReference; lastKnownFileType = sourcecode.swift; path = mapDelegate.swift; sourceTree = "<group>"; };
		DE97B670249F69D800AE1F12 /* extensions.swift */ = {isa = PBXFileReference; lastKnownFileType = sourcecode.swift; path = extensions.swift; sourceTree = "<group>"; };
/* End PBXFileReference section */

/* Begin PBXFrameworksBuildPhase section */
		DE97B5FB249F555900AE1F12 /* Frameworks */ = {
			isa = PBXFrameworksBuildPhase;
			buildActionMask = 2147483647;
			files = (
				B389CD346A1AC2356797C47D /* Pods_zombie.framework in Frameworks */,
			);
			runOnlyForDeploymentPostprocessing = 0;
		};
		DE97B614249F555C00AE1F12 /* Frameworks */ = {
			isa = PBXFrameworksBuildPhase;
			buildActionMask = 2147483647;
			files = (
			);
			runOnlyForDeploymentPostprocessing = 0;
		};
		DE97B61F249F555C00AE1F12 /* Frameworks */ = {
			isa = PBXFrameworksBuildPhase;
			buildActionMask = 2147483647;
			files = (
			);
			runOnlyForDeploymentPostprocessing = 0;
		};
/* End PBXFrameworksBuildPhase section */

/* Begin PBXGroup section */
		279009AB03AF31D518C7CF43 /* Pods */ = {
			isa = PBXGroup;
			children = (
				1C27782953AC9FA9ACAD12F1 /* Pods-zombie.debug.xcconfig */,
				69DA62E6968993519E224467 /* Pods-zombie.release.xcconfig */,
			);
			path = Pods;
			sourceTree = "<group>";
		};
		A7C97B3BEC991E6218019CAB /* Frameworks */ = {
			isa = PBXGroup;
			children = (
				5930F9317DA408F9562CE419 /* Pods_zombie.framework */,
			);
			name = Frameworks;
			sourceTree = "<group>";
		};
		DE97B5F5249F555900AE1F12 = {
			isa = PBXGroup;
			children = (
				DE97B65F249F652900AE1F12 /* Podfile */,
				DE97B600249F555900AE1F12 /* zombie */,
				DE97B61A249F555C00AE1F12 /* zombieTests */,
				DE97B625249F555C00AE1F12 /* zombieUITests */,
				DE97B5FF249F555900AE1F12 /* Products */,
				279009AB03AF31D518C7CF43 /* Pods */,
				A7C97B3BEC991E6218019CAB /* Frameworks */,
			);
			sourceTree = "<group>";
		};
		DE97B5FF249F555900AE1F12 /* Products */ = {
			isa = PBXGroup;
			children = (
				DE97B5FE249F555900AE1F12 /* zombie.app */,
				DE97B617249F555C00AE1F12 /* zombieTests.xctest */,
				DE97B622249F555C00AE1F12 /* zombieUITests.xctest */,
			);
			name = Products;
			sourceTree = "<group>";
		};
		DE97B600249F555900AE1F12 /* zombie */ = {
			isa = PBXGroup;
			children = (
				DE97B65A249F649900AE1F12 /* Helpers */,
				DE97B657249F63A500AE1F12 /* Views */,
				DE97B64A249F61F200AE1F12 /* API */,
				DE97B63F249F57D400AE1F12 /* coreData */,
				DE97B601249F555900AE1F12 /* AppDelegate.swift */,
				DE97B603249F555900AE1F12 /* SceneDelegate.swift */,
				DE97B605249F555900AE1F12 /* ViewController.swift */,
				DE97B607249F555900AE1F12 /* Main.storyboard */,
				DE97B60D249F555C00AE1F12 /* Assets.xcassets */,
				DE97B60F249F555C00AE1F12 /* LaunchScreen.storyboard */,
				DE97B612249F555C00AE1F12 /* Info.plist */,
				DE97B60A249F555900AE1F12 /* zombie.xcdatamodeld */,
			);
			path = zombie;
			sourceTree = "<group>";
		};
		DE97B61A249F555C00AE1F12 /* zombieTests */ = {
			isa = PBXGroup;
			children = (
				DE97B61B249F555C00AE1F12 /* zombieTests.swift */,
				DE97B61D249F555C00AE1F12 /* Info.plist */,
			);
			path = zombieTests;
			sourceTree = "<group>";
		};
		DE97B625249F555C00AE1F12 /* zombieUITests */ = {
			isa = PBXGroup;
			children = (
				DE97B626249F555C00AE1F12 /* zombieUITests.swift */,
				DE97B628249F555C00AE1F12 /* Info.plist */,
			);
			path = zombieUITests;
			sourceTree = "<group>";
		};
		DE97B63F249F57D400AE1F12 /* coreData */ = {
			isa = PBXGroup;
			children = (
				DE97B642249F582000AE1F12 /* Hospitals+CoreDataClass.swift */,
				DE97B643249F582000AE1F12 /* Hospitals+CoreDataProperties.swift */,
				DE97B644249F582000AE1F12 /* WaitingItem+CoreDataClass.swift */,
				DE97B645249F582000AE1F12 /* WaitingItem+CoreDataProperties.swift */,
				DE97B640249F57F500AE1F12 /* CoreDataStack.swift */,
			);
			path = coreData;
			sourceTree = "<group>";
		};
		DE97B64A249F61F200AE1F12 /* API */ = {
			isa = PBXGroup;
			children = (
				DE97B64D249F622900AE1F12 /* MapsStruct.swift */,
				DE97B64F249F624800AE1F12 /* HospitalStruct.swift */,
				DE97B651249F626A00AE1F12 /* IllnessesStruct.swift */,
				DE97B653249F628200AE1F12 /* transportMode.swift */,
				DE97B655249F62F100AE1F12 /* APIController.swift */,
			);
			path = API;
			sourceTree = "<group>";
		};
		DE97B657249F63A500AE1F12 /* Views */ = {
			isa = PBXGroup;
			children = (
				DE97B663249F682500AE1F12 /* hospitalListView */,
				DE97B658249F63D400AE1F12 /* illnessListViewController.swift */,
				DE97B65D249F64FF00AE1F12 /* illnessCell.swift */,
			);
			path = Views;
			sourceTree = "<group>";
		};
		DE97B65A249F649900AE1F12 /* Helpers */ = {
			isa = PBXGroup;
			children = (
				DE97B65B249F64B600AE1F12 /* themeColor.swift */,
				DE97B661249F659F00AE1F12 /* strings.swift */,
				DE97B666249F68D400AE1F12 /* NSFetchedRCHelper.swift */,
				DE97B670249F69D800AE1F12 /* extensions.swift */,
			);
			path = Helpers;
			sourceTree = "<group>";
		};
		DE97B663249F682500AE1F12 /* hospitalListView */ = {
			isa = PBXGroup;
			children = (
				DE97B664249F683B00AE1F12 /* hospialListViewController.swift */,
				DE97B668249F68FD00AE1F12 /* hospitalCell.swift */,
				DE97B66A249F691600AE1F12 /* locationAndETA.swift */,
				DE97B66C249F692B00AE1F12 /* fetchHospitals.swift */,
				DE97B66E249F693E00AE1F12 /* mapDelegate.swift */,
			);
			path = hospitalListView;
			sourceTree = "<group>";
		};
/* End PBXGroup section */

/* Begin PBXNativeTarget section */
		DE97B5FD249F555900AE1F12 /* zombie */ = {
			isa = PBXNativeTarget;
			buildConfigurationList = DE97B62B249F555C00AE1F12 /* Build configuration list for PBXNativeTarget "zombie" */;
			buildPhases = (
				DFAF10509478FC62F46FA3AB /* [CP] Check Pods Manifest.lock */,
				DE97B5FA249F555900AE1F12 /* Sources */,
				DE97B5FB249F555900AE1F12 /* Frameworks */,
				DE97B5FC249F555900AE1F12 /* Resources */,
				436ED1577E0AC9740A0251AE /* [CP] Embed Pods Frameworks */,
			);
			buildRules = (
			);
			dependencies = (
			);
			name = zombie;
			productName = zombie;
			productReference = DE97B5FE249F555900AE1F12 /* zombie.app */;
			productType = "com.apple.product-type.application";
		};
		DE97B616249F555C00AE1F12 /* zombieTests */ = {
			isa = PBXNativeTarget;
			buildConfigurationList = DE97B62E249F555C00AE1F12 /* Build configuration list for PBXNativeTarget "zombieTests" */;
			buildPhases = (
				DE97B613249F555C00AE1F12 /* Sources */,
				DE97B614249F555C00AE1F12 /* Frameworks */,
				DE97B615249F555C00AE1F12 /* Resources */,
			);
			buildRules = (
			);
			dependencies = (
				DE97B619249F555C00AE1F12 /* PBXTargetDependency */,
			);
			name = zombieTests;
			productName = zombieTests;
			productReference = DE97B617249F555C00AE1F12 /* zombieTests.xctest */;
			productType = "com.apple.product-type.bundle.unit-test";
		};
		DE97B621249F555C00AE1F12 /* zombieUITests */ = {
			isa = PBXNativeTarget;
			buildConfigurationList = DE97B631249F555C00AE1F12 /* Build configuration list for PBXNativeTarget "zombieUITests" */;
			buildPhases = (
				DE97B61E249F555C00AE1F12 /* Sources */,
				DE97B61F249F555C00AE1F12 /* Frameworks */,
				DE97B620249F555C00AE1F12 /* Resources */,
			);
			buildRules = (
			);
			dependencies = (
				DE97B624249F555C00AE1F12 /* PBXTargetDependency */,
			);
			name = zombieUITests;
			productName = zombieUITests;
			productReference = DE97B622249F555C00AE1F12 /* zombieUITests.xctest */;
			productType = "com.apple.product-type.bundle.ui-testing";
		};
/* End PBXNativeTarget section */

/* Begin PBXProject section */
		DE97B5F6249F555900AE1F12 /* Project object */ = {
			isa = PBXProject;
			attributes = {
				LastSwiftUpdateCheck = 1150;
				LastUpgradeCheck = 1150;
				ORGANIZATIONNAME = "yacob jamal kazal";
				TargetAttributes = {
					DE97B5FD249F555900AE1F12 = {
						CreatedOnToolsVersion = 11.5;
					};
					DE97B616249F555C00AE1F12 = {
						CreatedOnToolsVersion = 11.5;
						TestTargetID = DE97B5FD249F555900AE1F12;
					};
					DE97B621249F555C00AE1F12 = {
						CreatedOnToolsVersion = 11.5;
						TestTargetID = DE97B5FD249F555900AE1F12;
					};
				};
			};
			buildConfigurationList = DE97B5F9249F555900AE1F12 /* Build configuration list for PBXProject "zombie" */;
			compatibilityVersion = "Xcode 9.3";
			developmentRegion = en;
			hasScannedForEncodings = 0;
			knownRegions = (
				en,
				Base,
			);
			mainGroup = DE97B5F5249F555900AE1F12;
			productRefGroup = DE97B5FF249F555900AE1F12 /* Products */;
			projectDirPath = "";
			projectRoot = "";
			targets = (
				DE97B5FD249F555900AE1F12 /* zombie */,
				DE97B616249F555C00AE1F12 /* zombieTests */,
				DE97B621249F555C00AE1F12 /* zombieUITests */,
			);
		};
/* End PBXProject section */

/* Begin PBXResourcesBuildPhase section */
		DE97B5FC249F555900AE1F12 /* Resources */ = {
			isa = PBXResourcesBuildPhase;
			buildActionMask = 2147483647;
			files = (
				DE97B611249F555C00AE1F12 /* LaunchScreen.storyboard in Resources */,
				DE97B60E249F555C00AE1F12 /* Assets.xcassets in Resources */,
				DE97B660249F652900AE1F12 /* Podfile in Resources */,
				DE97B609249F555900AE1F12 /* Main.storyboard in Resources */,
			);
			runOnlyForDeploymentPostprocessing = 0;
		};
		DE97B615249F555C00AE1F12 /* Resources */ = {
			isa = PBXResourcesBuildPhase;
			buildActionMask = 2147483647;
			files = (
			);
			runOnlyForDeploymentPostprocessing = 0;
		};
		DE97B620249F555C00AE1F12 /* Resources */ = {
			isa = PBXResourcesBuildPhase;
			buildActionMask = 2147483647;
			files = (
			);
			runOnlyForDeploymentPostprocessing = 0;
		};
/* End PBXResourcesBuildPhase section */

/* Begin PBXShellScriptBuildPhase section */
		436ED1577E0AC9740A0251AE /* [CP] Embed Pods Frameworks */ = {
			isa = PBXShellScriptBuildPhase;
			buildActionMask = 2147483647;
			files = (
			);
			inputFileListPaths = (
				"${PODS_ROOT}/Target Support Files/Pods-zombie/Pods-zombie-frameworks-${CONFIGURATION}-input-files.xcfilelist",
			);
			name = "[CP] Embed Pods Frameworks";
			outputFileListPaths = (
				"${PODS_ROOT}/Target Support Files/Pods-zombie/Pods-zombie-frameworks-${CONFIGURATION}-output-files.xcfilelist",
			);
			runOnlyForDeploymentPostprocessing = 0;
			shellPath = /bin/sh;
			shellScript = "\"${PODS_ROOT}/Target Support Files/Pods-zombie/Pods-zombie-frameworks.sh\"\n";
			showEnvVarsInLog = 0;
		};
		DFAF10509478FC62F46FA3AB /* [CP] Check Pods Manifest.lock */ = {
			isa = PBXShellScriptBuildPhase;
			buildActionMask = 2147483647;
			files = (
			);
			inputFileListPaths = (
			);
			inputPaths = (
				"${PODS_PODFILE_DIR_PATH}/Podfile.lock",
				"${PODS_ROOT}/Manifest.lock",
			);
			name = "[CP] Check Pods Manifest.lock";
			outputFileListPaths = (
			);
			outputPaths = (
				"$(DERIVED_FILE_DIR)/Pods-zombie-checkManifestLockResult.txt",
			);
			runOnlyForDeploymentPostprocessing = 0;
			shellPath = /bin/sh;
			shellScript = "diff \"${PODS_PODFILE_DIR_PATH}/Podfile.lock\" \"${PODS_ROOT}/Manifest.lock\" > /dev/null\nif [ $? != 0 ] ; then\n    # print error to STDERR\n    echo \"error: The sandbox is not in sync with the Podfile.lock. Run 'pod install' or update your CocoaPods installation.\" >&2\n    exit 1\nfi\n# This output is used by Xcode 'outputs' to avoid re-running this script phase.\necho \"SUCCESS\" > \"${SCRIPT_OUTPUT_FILE_0}\"\n";
			showEnvVarsInLog = 0;
		};
/* End PBXShellScriptBuildPhase section */

/* Begin PBXSourcesBuildPhase section */
		DE97B5FA249F555900AE1F12 /* Sources */ = {
			isa = PBXSourcesBuildPhase;
			buildActionMask = 2147483647;
			files = (
				DE97B656249F62F100AE1F12 /* APIController.swift in Sources */,
				DE97B650249F624800AE1F12 /* HospitalStruct.swift in Sources */,
				DE97B669249F68FD00AE1F12 /* hospitalCell.swift in Sources */,
				DE97B648249F582000AE1F12 /* WaitingItem+CoreDataClass.swift in Sources */,
				DE97B659249F63D400AE1F12 /* illnessListViewController.swift in Sources */,
				DE97B647249F582000AE1F12 /* Hospitals+CoreDataProperties.swift in Sources */,
				DE97B641249F57F500AE1F12 /* CoreDataStack.swift in Sources */,
				DE97B646249F582000AE1F12 /* Hospitals+CoreDataClass.swift in Sources */,
				DE97B649249F582000AE1F12 /* WaitingItem+CoreDataProperties.swift in Sources */,
				DE97B606249F555900AE1F12 /* ViewController.swift in Sources */,
				DE97B665249F683B00AE1F12 /* hospialListViewController.swift in Sources */,
				DE97B60C249F555900AE1F12 /* zombie.xcdatamodeld in Sources */,
				DE97B652249F626A00AE1F12 /* IllnessesStruct.swift in Sources */,
				DE97B66F249F693E00AE1F12 /* mapDelegate.swift in Sources */,
				DE97B654249F628200AE1F12 /* transportMode.swift in Sources */,
				DE97B671249F69D800AE1F12 /* extensions.swift in Sources */,
				DE97B602249F555900AE1F12 /* AppDelegate.swift in Sources */,
				DE97B65C249F64B600AE1F12 /* themeColor.swift in Sources */,
				DE97B667249F68D400AE1F12 /* NSFetchedRCHelper.swift in Sources */,
				DE97B66D249F692B00AE1F12 /* fetchHospitals.swift in Sources */,
				DE97B66B249F691600AE1F12 /* locationAndETA.swift in Sources */,
				DE97B662249F659F00AE1F12 /* strings.swift in Sources */,
				DE97B64E249F622900AE1F12 /* MapsStruct.swift in Sources */,
				DE97B65E249F64FF00AE1F12 /* illnessCell.swift in Sources */,
				DE97B604249F555900AE1F12 /* SceneDelegate.swift in Sources */,
			);
			runOnlyForDeploymentPostprocessing = 0;
		};
		DE97B613249F555C00AE1F12 /* Sources */ = {
			isa = PBXSourcesBuildPhase;
			buildActionMask = 2147483647;
			files = (
				DE97B61C249F555C00AE1F12 /* zombieTests.swift in Sources */,
			);
			runOnlyForDeploymentPostprocessing = 0;
		};
		DE97B61E249F555C00AE1F12 /* Sources */ = {
			isa = PBXSourcesBuildPhase;
			buildActionMask = 2147483647;
			files = (
				DE97B627249F555C00AE1F12 /* zombieUITests.swift in Sources */,
			);
			runOnlyForDeploymentPostprocessing = 0;
		};
/* End PBXSourcesBuildPhase section */

/* Begin PBXTargetDependency section */
		DE97B619249F555C00AE1F12 /* PBXTargetDependency */ = {
			isa = PBXTargetDependency;
			target = DE97B5FD249F555900AE1F12 /* zombie */;
			targetProxy = DE97B618249F555C00AE1F12 /* PBXContainerItemProxy */;
		};
		DE97B624249F555C00AE1F12 /* PBXTargetDependency */ = {
			isa = PBXTargetDependency;
			target = DE97B5FD249F555900AE1F12 /* zombie */;
			targetProxy = DE97B623249F555C00AE1F12 /* PBXContainerItemProxy */;
		};
/* End PBXTargetDependency section */

/* Begin PBXVariantGroup section */
		DE97B607249F555900AE1F12 /* Main.storyboard */ = {
			isa = PBXVariantGroup;
			children = (
				DE97B608249F555900AE1F12 /* Base */,
			);
			name = Main.storyboard;
			sourceTree = "<group>";
		};
		DE97B60F249F555C00AE1F12 /* LaunchScreen.storyboard */ = {
			isa = PBXVariantGroup;
			children = (
				DE97B610249F555C00AE1F12 /* Base */,
			);
			name = LaunchScreen.storyboard;
			sourceTree = "<group>";
		};
/* End PBXVariantGroup section */

/* Begin XCBuildConfiguration section */
		DE97B629249F555C00AE1F12 /* Debug */ = {
			isa = XCBuildConfiguration;
			buildSettings = {
				ALWAYS_SEARCH_USER_PATHS = NO;
				CLANG_ANALYZER_NONNULL = YES;
				CLANG_ANALYZER_NUMBER_OBJECT_CONVERSION = YES_AGGRESSIVE;
				CLANG_CXX_LANGUAGE_STANDARD = "gnu++14";
				CLANG_CXX_LIBRARY = "libc++";
				CLANG_ENABLE_MODULES = YES;
				CLANG_ENABLE_OBJC_ARC = YES;
				CLANG_ENABLE_OBJC_WEAK = YES;
				CLANG_WARN_BLOCK_CAPTURE_AUTORELEASING = YES;
				CLANG_WARN_BOOL_CONVERSION = YES;
				CLANG_WARN_COMMA = YES;
				CLANG_WARN_CONSTANT_CONVERSION = YES;
				CLANG_WARN_DEPRECATED_OBJC_IMPLEMENTATIONS = YES;
				CLANG_WARN_DIRECT_OBJC_ISA_USAGE = YES_ERROR;
				CLANG_WARN_DOCUMENTATION_COMMENTS = YES;
				CLANG_WARN_EMPTY_BODY = YES;
				CLANG_WARN_ENUM_CONVERSION = YES;
				CLANG_WARN_INFINITE_RECURSION = YES;
				CLANG_WARN_INT_CONVERSION = YES;
				CLANG_WARN_NON_LITERAL_NULL_CONVERSION = YES;
				CLANG_WARN_OBJC_IMPLICIT_RETAIN_SELF = YES;
				CLANG_WARN_OBJC_LITERAL_CONVERSION = YES;
				CLANG_WARN_OBJC_ROOT_CLASS = YES_ERROR;
				CLANG_WARN_RANGE_LOOP_ANALYSIS = YES;
				CLANG_WARN_STRICT_PROTOTYPES = YES;
				CLANG_WARN_SUSPICIOUS_MOVE = YES;
				CLANG_WARN_UNGUARDED_AVAILABILITY = YES_AGGRESSIVE;
				CLANG_WARN_UNREACHABLE_CODE = YES;
				CLANG_WARN__DUPLICATE_METHOD_MATCH = YES;
				COPY_PHASE_STRIP = NO;
				DEBUG_INFORMATION_FORMAT = dwarf;
				ENABLE_STRICT_OBJC_MSGSEND = YES;
				ENABLE_TESTABILITY = YES;
				GCC_C_LANGUAGE_STANDARD = gnu11;
				GCC_DYNAMIC_NO_PIC = NO;
				GCC_NO_COMMON_BLOCKS = YES;
				GCC_OPTIMIZATION_LEVEL = 0;
				GCC_PREPROCESSOR_DEFINITIONS = (
					"DEBUG=1",
					"$(inherited)",
				);
				GCC_WARN_64_TO_32_BIT_CONVERSION = YES;
				GCC_WARN_ABOUT_RETURN_TYPE = YES_ERROR;
				GCC_WARN_UNDECLARED_SELECTOR = YES;
				GCC_WARN_UNINITIALIZED_AUTOS = YES_AGGRESSIVE;
				GCC_WARN_UNUSED_FUNCTION = YES;
				GCC_WARN_UNUSED_VARIABLE = YES;
				IPHONEOS_DEPLOYMENT_TARGET = 13.5;
				MTL_ENABLE_DEBUG_INFO = INCLUDE_SOURCE;
				MTL_FAST_MATH = YES;
				ONLY_ACTIVE_ARCH = YES;
				SDKROOT = iphoneos;
				SWIFT_ACTIVE_COMPILATION_CONDITIONS = DEBUG;
				SWIFT_OPTIMIZATION_LEVEL = "-Onone";
			};
			name = Debug;
		};
		DE97B62A249F555C00AE1F12 /* Release */ = {
			isa = XCBuildConfiguration;
			buildSettings = {
				ALWAYS_SEARCH_USER_PATHS = NO;
				CLANG_ANALYZER_NONNULL = YES;
				CLANG_ANALYZER_NUMBER_OBJECT_CONVERSION = YES_AGGRESSIVE;
				CLANG_CXX_LANGUAGE_STANDARD = "gnu++14";
				CLANG_CXX_LIBRARY = "libc++";
				CLANG_ENABLE_MODULES = YES;
				CLANG_ENABLE_OBJC_ARC = YES;
				CLANG_ENABLE_OBJC_WEAK = YES;
				CLANG_WARN_BLOCK_CAPTURE_AUTORELEASING = YES;
				CLANG_WARN_BOOL_CONVERSION = YES;
				CLANG_WARN_COMMA = YES;
				CLANG_WARN_CONSTANT_CONVERSION = YES;
				CLANG_WARN_DEPRECATED_OBJC_IMPLEMENTATIONS = YES;
				CLANG_WARN_DIRECT_OBJC_ISA_USAGE = YES_ERROR;
				CLANG_WARN_DOCUMENTATION_COMMENTS = YES;
				CLANG_WARN_EMPTY_BODY = YES;
				CLANG_WARN_ENUM_CONVERSION = YES;
				CLANG_WARN_INFINITE_RECURSION = YES;
				CLANG_WARN_INT_CONVERSION = YES;
				CLANG_WARN_NON_LITERAL_NULL_CONVERSION = YES;
				CLANG_WARN_OBJC_IMPLICIT_RETAIN_SELF = YES;
				CLANG_WARN_OBJC_LITERAL_CONVERSION = YES;
				CLANG_WARN_OBJC_ROOT_CLASS = YES_ERROR;
				CLANG_WARN_RANGE_LOOP_ANALYSIS = YES;
				CLANG_WARN_STRICT_PROTOTYPES = YES;
				CLANG_WARN_SUSPICIOUS_MOVE = YES;
				CLANG_WARN_UNGUARDED_AVAILABILITY = YES_AGGRESSIVE;
				CLANG_WARN_UNREACHABLE_CODE = YES;
				CLANG_WARN__DUPLICATE_METHOD_MATCH = YES;
				COPY_PHASE_STRIP = NO;
				DEBUG_INFORMATION_FORMAT = "dwarf-with-dsym";
				ENABLE_NS_ASSERTIONS = NO;
				ENABLE_STRICT_OBJC_MSGSEND = YES;
				GCC_C_LANGUAGE_STANDARD = gnu11;
				GCC_NO_COMMON_BLOCKS = YES;
				GCC_WARN_64_TO_32_BIT_CONVERSION = YES;
				GCC_WARN_ABOUT_RETURN_TYPE = YES_ERROR;
				GCC_WARN_UNDECLARED_SELECTOR = YES;
				GCC_WARN_UNINITIALIZED_AUTOS = YES_AGGRESSIVE;
				GCC_WARN_UNUSED_FUNCTION = YES;
				GCC_WARN_UNUSED_VARIABLE = YES;
				IPHONEOS_DEPLOYMENT_TARGET = 13.5;
				MTL_ENABLE_DEBUG_INFO = NO;
				MTL_FAST_MATH = YES;
				SDKROOT = iphoneos;
				SWIFT_COMPILATION_MODE = wholemodule;
				SWIFT_OPTIMIZATION_LEVEL = "-O";
				VALIDATE_PRODUCT = YES;
			};
			name = Release;
		};
		DE97B62C249F555C00AE1F12 /* Debug */ = {
			isa = XCBuildConfiguration;
			baseConfigurationReference = 1C27782953AC9FA9ACAD12F1 /* Pods-zombie.debug.xcconfig */;
			buildSettings = {
				ASSETCATALOG_COMPILER_APPICON_NAME = AppIcon;
				CODE_SIGN_STYLE = Automatic;
				DEVELOPMENT_TEAM = 7GYSCUXZE5;
				INFOPLIST_FILE = zombie/Info.plist;
				LD_RUNPATH_SEARCH_PATHS = (
					"$(inherited)",
					"@executable_path/Frameworks",
				);
				PRODUCT_BUNDLE_IDENTIFIER = com.yacob.zombie;
				PRODUCT_NAME = "$(TARGET_NAME)";
				SWIFT_VERSION = 5.0;
				TARGETED_DEVICE_FAMILY = "1,2";
			};
			name = Debug;
		};
		DE97B62D249F555C00AE1F12 /* Release */ = {
			isa = XCBuildConfiguration;
			baseConfigurationReference = 69DA62E6968993519E224467 /* Pods-zombie.release.xcconfig */;
			buildSettings = {
				ASSETCATALOG_COMPILER_APPICON_NAME = AppIcon;
				CODE_SIGN_STYLE = Automatic;
				DEVELOPMENT_TEAM = 7GYSCUXZE5;
				INFOPLIST_FILE = zombie/Info.plist;
				LD_RUNPATH_SEARCH_PATHS = (
					"$(inherited)",
					"@executable_path/Frameworks",
				);
				PRODUCT_BUNDLE_IDENTIFIER = com.yacob.zombie;
				PRODUCT_NAME = "$(TARGET_NAME)";
				SWIFT_VERSION = 5.0;
				TARGETED_DEVICE_FAMILY = "1,2";
			};
			name = Release;
		};
		DE97B62F249F555C00AE1F12 /* Debug */ = {
			isa = XCBuildConfiguration;
			buildSettings = {
				ALWAYS_EMBED_SWIFT_STANDARD_LIBRARIES = YES;
				BUNDLE_LOADER = "$(TEST_HOST)";
				CODE_SIGN_STYLE = Automatic;
				DEVELOPMENT_TEAM = 7GYSCUXZE5;
				INFOPLIST_FILE = zombieTests/Info.plist;
				IPHONEOS_DEPLOYMENT_TARGET = 13.5;
				LD_RUNPATH_SEARCH_PATHS = (
					"$(inherited)",
					"@executable_path/Frameworks",
					"@loader_path/Frameworks",
				);
				PRODUCT_BUNDLE_IDENTIFIER = com.yacob.zombieTests;
				PRODUCT_NAME = "$(TARGET_NAME)";
				SWIFT_VERSION = 5.0;
				TARGETED_DEVICE_FAMILY = "1,2";
				TEST_HOST = "$(BUILT_PRODUCTS_DIR)/zombie.app/zombie";
			};
			name = Debug;
		};
		DE97B630249F555C00AE1F12 /* Release */ = {
			isa = XCBuildConfiguration;
			buildSettings = {
				ALWAYS_EMBED_SWIFT_STANDARD_LIBRARIES = YES;
				BUNDLE_LOADER = "$(TEST_HOST)";
				CODE_SIGN_STYLE = Automatic;
				DEVELOPMENT_TEAM = 7GYSCUXZE5;
				INFOPLIST_FILE = zombieTests/Info.plist;
				IPHONEOS_DEPLOYMENT_TARGET = 13.5;
				LD_RUNPATH_SEARCH_PATHS = (
					"$(inherited)",
					"@executable_path/Frameworks",
					"@loader_path/Frameworks",
				);
				PRODUCT_BUNDLE_IDENTIFIER = com.yacob.zombieTests;
				PRODUCT_NAME = "$(TARGET_NAME)";
				SWIFT_VERSION = 5.0;
				TARGETED_DEVICE_FAMILY = "1,2";
				TEST_HOST = "$(BUILT_PRODUCTS_DIR)/zombie.app/zombie";
			};
			name = Release;
		};
		DE97B632249F555C00AE1F12 /* Debug */ = {
			isa = XCBuildConfiguration;
			buildSettings = {
				ALWAYS_EMBED_SWIFT_STANDARD_LIBRARIES = YES;
				CODE_SIGN_STYLE = Automatic;
				DEVELOPMENT_TEAM = 7GYSCUXZE5;
				INFOPLIST_FILE = zombieUITests/Info.plist;
				LD_RUNPATH_SEARCH_PATHS = (
					"$(inherited)",
					"@executable_path/Frameworks",
					"@loader_path/Frameworks",
				);
				PRODUCT_BUNDLE_IDENTIFIER = com.yacob.zombieUITests;
				PRODUCT_NAME = "$(TARGET_NAME)";
				SWIFT_VERSION = 5.0;
				TARGETED_DEVICE_FAMILY = "1,2";
				TEST_TARGET_NAME = zombie;
			};
			name = Debug;
		};
		DE97B633249F555C00AE1F12 /* Release */ = {
			isa = XCBuildConfiguration;
			buildSettings = {
				ALWAYS_EMBED_SWIFT_STANDARD_LIBRARIES = YES;
				CODE_SIGN_STYLE = Automatic;
				DEVELOPMENT_TEAM = 7GYSCUXZE5;
				INFOPLIST_FILE = zombieUITests/Info.plist;
				LD_RUNPATH_SEARCH_PATHS = (
					"$(inherited)",
					"@executable_path/Frameworks",
					"@loader_path/Frameworks",
				);
				PRODUCT_BUNDLE_IDENTIFIER = com.yacob.zombieUITests;
				PRODUCT_NAME = "$(TARGET_NAME)";
				SWIFT_VERSION = 5.0;
				TARGETED_DEVICE_FAMILY = "1,2";
				TEST_TARGET_NAME = zombie;
			};
			name = Release;
		};
/* End XCBuildConfiguration section */

/* Begin XCConfigurationList section */
		DE97B5F9249F555900AE1F12 /* Build configuration list for PBXProject "zombie" */ = {
			isa = XCConfigurationList;
			buildConfigurations = (
				DE97B629249F555C00AE1F12 /* Debug */,
				DE97B62A249F555C00AE1F12 /* Release */,
			);
			defaultConfigurationIsVisible = 0;
			defaultConfigurationName = Release;
		};
		DE97B62B249F555C00AE1F12 /* Build configuration list for PBXNativeTarget "zombie" */ = {
			isa = XCConfigurationList;
			buildConfigurations = (
				DE97B62C249F555C00AE1F12 /* Debug */,
				DE97B62D249F555C00AE1F12 /* Release */,
			);
			defaultConfigurationIsVisible = 0;
			defaultConfigurationName = Release;
		};
		DE97B62E249F555C00AE1F12 /* Build configuration list for PBXNativeTarget "zombieTests" */ = {
			isa = XCConfigurationList;
			buildConfigurations = (
				DE97B62F249F555C00AE1F12 /* Debug */,
				DE97B630249F555C00AE1F12 /* Release */,
			);
			defaultConfigurationIsVisible = 0;
			defaultConfigurationName = Release;
		};
		DE97B631249F555C00AE1F12 /* Build configuration list for PBXNativeTarget "zombieUITests" */ = {
			isa = XCConfigurationList;
			buildConfigurations = (
				DE97B632249F555C00AE1F12 /* Debug */,
				DE97B633249F555C00AE1F12 /* Release */,
			);
			defaultConfigurationIsVisible = 0;
			defaultConfigurationName = Release;
		};
/* End XCConfigurationList section */

/* Begin XCVersionGroup section */
		DE97B60A249F555900AE1F12 /* zombie.xcdatamodeld */ = {
			isa = XCVersionGroup;
			children = (
				DE97B60B249F555900AE1F12 /* zombie.xcdatamodel */,
			);
			currentVersion = DE97B60B249F555900AE1F12 /* zombie.xcdatamodel */;
			path = zombie.xcdatamodeld;
			sourceTree = "<group>";
			versionGroupType = wrapper.xcdatamodel;
		};
/* End XCVersionGroup section */
	};
	rootObject = DE97B5F6249F555900AE1F12 /* Project object */;
}
